
Microsoft Visual Studio Solution File, Format Version 12.00
# Visual Studio Version 17
VisualStudioVersion = 17.0.31903.59
MinimumVisualStudioVersion = 10.0.40219.1
Project("{FAE04EC0-301F-11D3-BF4B-00C04F79EFBC}") = "StarWarsTcgApi.Api", "StarWarsTcgApi.Api\StarWarsTcgApi.Api.csproj", "{CDE91712-01B9-4077-8CDA-AC250EF5A46D}"
EndProject
Project("{FAE04EC0-301F-11D3-BF4B-00C04F79EFBC}") = "StarWarsTcgApi.Application", "StarWarsTcgApi.Application\StarWarsTcgApi.Application.csproj", "{D3C7DFD3-0747-4C6F-8A84-554F76BC0839}"
EndProject
Project("{FAE04EC0-301F-11D3-BF4B-00C04F79EFBC}") = "StarWarsTcgApi.Domain", "StarWarsTcgApi.Domain\StarWarsTcgApi.Domain.csproj", "{461808F5-8FB8-4444-B88A-B1A0D0FF6140}"
EndProject
Project("{FAE04EC0-301F-11D3-BF4B-00C04F79EFBC}") = "StarWarsTcgApi.Infrastructure", "StarWarsTcgApi.Infrastructure\StarWarsTcgApi.Infrastructure.csproj", "{6026DE79-1206-4B3D-8DE6-4E17EC0FAE4D}"
EndProject
Project("{FAE04EC0-301F-11D3-BF4B-00C04F79EFBC}") = "StarWarsTcgApi.Tests", "StarWarsTcgApi.Tests\StarWarsTcgApi.Tests.csproj", "{385B5066-A5BC-4162-9430-150B08AF2906}"
EndProject
Global
	GlobalSection(SolutionConfigurationPlatforms) = preSolution
		Debug|Any CPU = Debug|Any CPU
		Release|Any CPU = Release|Any CPU
	EndGlobalSection
	GlobalSection(SolutionProperties) = preSolution
		HideSolutionNode = FALSE
	EndGlobalSection
	GlobalSection(ProjectConfigurationPlatforms) = postSolution
		{CDE91712-01B9-4077-8CDA-AC250EF5A46D}.Debug|Any CPU.ActiveCfg = Debug|Any CPU
		{CDE91712-01B9-4077-8CDA-AC250EF5A46D}.Debug|Any CPU.Build.0 = Debug|Any CPU
		{CDE91712-01B9-4077-8CDA-AC250EF5A46D}.Release|Any CPU.ActiveCfg = Release|Any CPU
		{CDE91712-01B9-4077-8CDA-AC250EF5A46D}.Release|Any CPU.Build.0 = Release|Any CPU
		{D3C7DFD3-0747-4C6F-8A84-554F76BC0839}.Debug|Any CPU.ActiveCfg = Debug|Any CPU
		{D3C7DFD3-0747-4C6F-8A84-554F76BC0839}.Debug|Any CPU.Build.0 = Debug|Any CPU
		{D3C7DFD3-0747-4C6F-8A84-554F76BC0839}.Release|Any CPU.ActiveCfg = Release|Any CPU
		{D3C7DFD3-0747-4C6F-8A84-554F76BC0839}.Release|Any CPU.Build.0 = Release|Any CPU
		{461808F5-8FB8-4444-B88A-B1A0D0FF6140}.Debug|Any CPU.ActiveCfg = Debug|Any CPU
		{461808F5-8FB8-4444-B88A-B1A0D0FF6140}.Debug|Any CPU.Build.0 = Debug|Any CPU
		{461808F5-8FB8-4444-B88A-B1A0D0FF6140}.Release|Any CPU.ActiveCfg = Release|Any CPU
		{461808F5-8FB8-4444-B88A-B1A0D0FF6140}.Release|Any CPU.Build.0 = Release|Any CPU
		{6026DE79-1206-4B3D-8DE6-4E17EC0FAE4D}.Debug|Any CPU.ActiveCfg = Debug|Any CPU
		{6026DE79-1206-4B3D-8DE6-4E17EC0FAE4D}.Debug|Any CPU.Build.0 = Debug|Any CPU
		{6026DE79-1206-4B3D-8DE6-4E17EC0FAE4D}.Release|Any CPU.ActiveCfg = Release|Any CPU
		{6026DE79-1206-4B3D-8DE6-4E17EC0FAE4D}.Release|Any CPU.Build.0 = Release|Any CPU

	EndGlobalSection
EndGlobal
